
Microsoft Visual Studio Solution File, Format Version 12.00
# Visual Studio Version 17
VisualStudioVersion = 17.14.36414.22
MinimumVisualStudioVersion = 10.0.40219.1
Project("{2150E333-8FDC-42A3-9474-1A3956D46DE8}") = "Task0", "Task0", "{02EA681E-C7D8-13C7-8484-4AC65E1B71E8}"
EndProject
Project("{FAE04EC0-301F-11D3-BF4B-00C04F79EFBC}") = "Tyuiu.ZakachurinIE.Sprint1.Task0.V11", "Tyuiu.ZakachurinIE.Sprint1.Task0.V11\Tyuiu.ZakachurinIE.Sprint1.Task0.V11.csproj", "{B07C93DE-6DAE-4A2B-951D-6DAB1968240E}"
EndProject
Project("{FAE04EC0-301F-11D3-BF4B-00C04F79EFBC}") = "Tyuiu.ZakachurinIE.Sprint1.Task0.V11.Lib", "Tyuiu.ZakachurinIE.Sprint1.Task0.V11.Lib\Tyuiu.ZakachurinIE.Sprint1.Task0.V11.Lib.csproj", "{60365475-72E9-4662-8CA9-DAED8236FDF4}"
EndProject
Project("{FAE04EC0-301F-11D3-BF4B-00C04F79EFBC}") = "Tyuiu.ZakachurinIE.Sprint1.Task0.V11.Test", "Tyuiu.ZakachurinIE.Sprint1.Task0.V11.Test\Tyuiu.ZakachurinIE.Sprint1.Task0.V11.Test.csproj", "{F3BE08B2-4EBC-443B-BDFA-169C5EAA52A6}"
EndProject
Project("{2150E333-8FDC-42A3-9474-1A3956D46DE8}") = "Task1", "Task1", "{AB0ED328-D9A5-43DA-B633-D8757B267D20}"
EndProject
Project("{FAE04EC0-301F-11D3-BF4B-00C04F79EFBC}") = "Tyuiu.ZakachurinIE.Sprint1.Task1.V25", "Tyuiu.ZakachurinIE.Sprint1.Task1.V25\Tyuiu.ZakachurinIE.Sprint1.Task1.V25.csproj", "{8D9EE996-1C97-4A63-86BA-72DA6F6B9BE7}"
EndProject
Project("{FAE04EC0-301F-11D3-BF4B-00C04F79EFBC}") = "Tyuiu.ZakachurinIE.Sprint1.Task1.V25.Lib", "Tyuiu.ZakachurinIE.Sprint1.Task1.V25.Lib\Tyuiu.ZakachurinIE.Sprint1.Task1.V25.Lib.csproj", "{113B1D3A-DFC2-4C60-991E-CFFC609769B0}"
EndProject
Project("{FAE04EC0-301F-11D3-BF4B-00C04F79EFBC}") = "Tyuiu.ZakachurinIE.Sprint1.Task1.V25.Test", "Tyuiu.ZakachurinIE.Sprint1.Task1.V25.Test\Tyuiu.ZakachurinIE.Sprint1.Task1.V25.Test.csproj", "{DFFE91F2-ADE4-4133-964C-533A71691D20}"
EndProject
Project("{2150E333-8FDC-42A3-9474-1A3956D46DE8}") = "Task2", "Task2", "{8E93442E-7310-4677-BCBE-9CFC71658CE6}"
EndProject
Project("{FAE04EC0-301F-11D3-BF4B-00C04F79EFBC}") = "Tyuiu.ZakachurinIE.Sprint1.Task2.V12", "Tyuiu.ZakachurinIE.Sprint1.Task2.V12\Tyuiu.ZakachurinIE.Sprint1.Task2.V12.csproj", "{98CE4D25-87BC-49C2-A9B4-C88D6E1E4493}"
EndProject
Project("{FAE04EC0-301F-11D3-BF4B-00C04F79EFBC}") = "Tyuiu.ZakachurinIE.Sprint1.Task2.V12.Lib", "Tyuiu.ZakachurinIE.Sprint1.Task2.V12.Lib\Tyuiu.ZakachurinIE.Sprint1.Task2.V12.Lib.csproj", "{E56BF072-CC97-45B8-975F-076B5B30444A}"
EndProject
Project("{FAE04EC0-301F-11D3-BF4B-00C04F79EFBC}") = "Tyuiu.ZakachurinIE.Sprint1.Task2.V12.Test", "Tyuiu.ZakachurinIE.Sprint1.Task2.V12.Test\Tyuiu.ZakachurinIE.Sprint1.Task2.V12.Test.csproj", "{54D834B0-9842-4A4D-A2E5-6D55AFD1B1C3}"
EndProject
Project("{2150E333-8FDC-42A3-9474-1A3956D46DE8}") = "Task3", "Task3", "{50CEFFC0-E37B-4A1D-906C-324AF1E0462B}"
EndProject
Project("{FAE04EC0-301F-11D3-BF4B-00C04F79EFBC}") = "Tyuiu.ZakachurinIE.Sprint1.Task3.V8", "Tyuiu.ZakachurinIE.Sprint1.Task3.V8\Tyuiu.ZakachurinIE.Sprint1.Task3.V8.csproj", "{CF9E9FBC-536F-4AA5-A4E1-5F3D632683F6}"
EndProject
Project("{FAE04EC0-301F-11D3-BF4B-00C04F79EFBC}") = "Tyuiu.ZakachurinIE.Sprint1.Task3.V8.Lib", "Tyuiu.ZakachurinIE.Sprint1.Task3.V8.Lib\Tyuiu.ZakachurinIE.Sprint1.Task3.V8.Lib.csproj", "{7E4B0230-7286-4A76-B65E-A45CA429D68C}"
EndProject
Project("{FAE04EC0-301F-11D3-BF4B-00C04F79EFBC}") = "Tyuiu.ZakachurinIE.Sprint1.Task3.V8.Test", "Tyuiu.ZakachurinIE.Sprint1.Task3.V8.Test\Tyuiu.ZakachurinIE.Sprint1.Task3.V8.Test.csproj", "{0E6098F6-8A6B-4583-92C7-69704FE8454A}"
EndProject
Global
	GlobalSection(SolutionConfigurationPlatforms) = preSolution
		Debug|Any CPU = Debug|Any CPU
		Release|Any CPU = Release|Any CPU
	EndGlobalSection
	GlobalSection(ProjectConfigurationPlatforms) = postSolution
		{B07C93DE-6DAE-4A2B-951D-6DAB1968240E}.Debug|Any CPU.ActiveCfg = Debug|Any CPU
		{B07C93DE-6DAE-4A2B-951D-6DAB1968240E}.Debug|Any CPU.Build.0 = Debug|Any CPU
		{B07C93DE-6DAE-4A2B-951D-6DAB1968240E}.Release|Any CPU.ActiveCfg = Release|Any CPU
		{B07C93DE-6DAE-4A2B-951D-6DAB1968240E}.Release|Any CPU.Build.0 = Release|Any CPU
		{60365475-72E9-4662-8CA9-DAED8236FDF4}.Debug|Any CPU.ActiveCfg = Debug|Any CPU
		{60365475-72E9-4662-8CA9-DAED8236FDF4}.Debug|Any CPU.Build.0 = Debug|Any CPU
		{60365475-72E9-4662-8CA9-DAED8236FDF4}.Release|Any CPU.ActiveCfg = Release|Any CPU
		{60365475-72E9-4662-8CA9-DAED8236FDF4}.Release|Any CPU.Build.0 = Release|Any CPU
		{F3BE08B2-4EBC-443B-BDFA-169C5EAA52A6}.Debug|Any CPU.ActiveCfg = Debug|Any CPU
		{F3BE08B2-4EBC-443B-BDFA-169C5EAA52A6}.Debug|Any CPU.Build.0 = Debug|Any CPU
		{F3BE08B2-4EBC-443B-BDFA-169C5EAA52A6}.Release|Any CPU.ActiveCfg = Release|Any CPU
		{F3BE08B2-4EBC-443B-BDFA-169C5EAA52A6}.Release|Any CPU.Build.0 = Release|Any CPU
		{8D9EE996-1C97-4A63-86BA-72DA6F6B9BE7}.Debug|Any CPU.ActiveCfg = Debug|Any CPU
		{8D9EE996-1C97-4A63-86BA-72DA6F6B9BE7}.Debug|Any CPU.Build.0 = Debug|Any CPU
		{8D9EE996-1C97-4A63-86BA-72DA6F6B9BE7}.Release|Any CPU.ActiveCfg = Release|Any CPU
		{8D9EE996-1C97-4A63-86BA-72DA6F6B9BE7}.Release|Any CPU.Build.0 = Release|Any CPU
		{113B1D3A-DFC2-4C60-991E-CFFC609769B0}.Debug|Any CPU.ActiveCfg = Debug|Any CPU
		{113B1D3A-DFC2-4C60-991E-CFFC609769B0}.Debug|Any CPU.Build.0 = Debug|Any CPU
		{113B1D3A-DFC2-4C60-991E-CFFC609769B0}.Release|Any CPU.ActiveCfg = Release|Any CPU
		{113B1D3A-DFC2-4C60-991E-CFFC609769B0}.Release|Any CPU.Build.0 = Release|Any CPU
		{DFFE91F2-ADE4-4133-964C-533A71691D20}.Debug|Any CPU.ActiveCfg = Debug|Any CPU
		{DFFE91F2-ADE4-4133-964C-533A71691D20}.Debug|Any CPU.Build.0 = Debug|Any CPU
		{DFFE91F2-ADE4-4133-964C-533A71691D20}.Release|Any CPU.ActiveCfg = Release|Any CPU
		{DFFE91F2-ADE4-4133-964C-533A71691D20}.Release|Any CPU.Build.0 = Release|Any CPU
		{98CE4D25-87BC-49C2-A9B4-C88D6E1E4493}.Debug|Any CPU.ActiveCfg = Debug|Any CPU
		{98CE4D25-87BC-49C2-A9B4-C88D6E1E4493}.Debug|Any CPU.Build.0 = Debug|Any CPU
		{98CE4D25-87BC-49C2-A9B4-C88D6E1E4493}.Release|Any CPU.ActiveCfg = Release|Any CPU
		{98CE4D25-87BC-49C2-A9B4-C88D6E1E4493}.Release|Any CPU.Build.0 = Release|Any CPU
		{E56BF072-CC97-45B8-975F-076B5B30444A}.Debug|Any CPU.ActiveCfg = Debug|Any CPU
		{E56BF072-CC97-45B8-975F-076B5B30444A}.Debug|Any CPU.Build.0 = Debug|Any CPU
		{E56BF072-CC97-45B8-975F-076B5B30444A}.Release|Any CPU.ActiveCfg = Release|Any CPU
		{E56BF072-CC97-45B8-975F-076B5B30444A}.Release|Any CPU.Build.0 = Release|Any CPU
		{54D834B0-9842-4A4D-A2E5-6D55AFD1B1C3}.Debug|Any CPU.ActiveCfg = Debug|Any CPU
		{54D834B0-9842-4A4D-A2E5-6D55AFD1B1C3}.Debug|Any CPU.Build.0 = Debug|Any CPU
		{54D834B0-9842-4A4D-A2E5-6D55AFD1B1C3}.Release|Any CPU.ActiveCfg = Release|Any CPU
		{54D834B0-9842-4A4D-A2E5-6D55AFD1B1C3}.Release|Any CPU.Build.0 = Release|Any CPU
		{CF9E9FBC-536F-4AA5-A4E1-5F3D632683F6}.Debug|Any CPU.ActiveCfg = Debug|Any CPU
		{CF9E9FBC-536F-4AA5-A4E1-5F3D632683F6}.Debug|Any CPU.Build.0 = Debug|Any CPU
		{CF9E9FBC-536F-4AA5-A4E1-5F3D632683F6}.Release|Any CPU.ActiveCfg = Release|Any CPU
		{CF9E9FBC-536F-4AA5-A4E1-5F3D632683F6}.Release|Any CPU.Build.0 = Release|Any CPU
		{7E4B0230-7286-4A76-B65E-A45CA429D68C}.Debug|Any CPU.ActiveCfg = Debug|Any CPU
		{7E4B0230-7286-4A76-B65E-A45CA429D68C}.Debug|Any CPU.Build.0 = Debug|Any CPU
		{7E4B0230-7286-4A76-B65E-A45CA429D68C}.Release|Any CPU.ActiveCfg = Release|Any CPU
		{7E4B0230-7286-4A76-B65E-A45CA429D68C}.Release|Any CPU.Build.0 = Release|Any CPU
		{0E6098F6-8A6B-4583-92C7-69704FE8454A}.Debug|Any CPU.ActiveCfg = Debug|Any CPU
		{0E6098F6-8A6B-4583-92C7-69704FE8454A}.Debug|Any CPU.Build.0 = Debug|Any CPU
		{0E6098F6-8A6B-4583-92C7-69704FE8454A}.Release|Any CPU.ActiveCfg = Release|Any CPU
		{0E6098F6-8A6B-4583-92C7-69704FE8454A}.Release|Any CPU.Build.0 = Release|Any CPU
	EndGlobalSection
	GlobalSection(SolutionProperties) = preSolution
		HideSolutionNode = FALSE
	EndGlobalSection
	GlobalSection(NestedProjects) = preSolution
		{B07C93DE-6DAE-4A2B-951D-6DAB1968240E} = {02EA681E-C7D8-13C7-8484-4AC65E1B71E8}
		{60365475-72E9-4662-8CA9-DAED8236FDF4} = {02EA681E-C7D8-13C7-8484-4AC65E1B71E8}
		{F3BE08B2-4EBC-443B-BDFA-169C5EAA52A6} = {02EA681E-C7D8-13C7-8484-4AC65E1B71E8}
		{8D9EE996-1C97-4A63-86BA-72DA6F6B9BE7} = {AB0ED328-D9A5-43DA-B633-D8757B267D20}
		{113B1D3A-DFC2-4C60-991E-CFFC609769B0} = {AB0ED328-D9A5-43DA-B633-D8757B267D20}
		{DFFE91F2-ADE4-4133-964C-533A71691D20} = {AB0ED328-D9A5-43DA-B633-D8757B267D20}
		{98CE4D25-87BC-49C2-A9B4-C88D6E1E4493} = {8E93442E-7310-4677-BCBE-9CFC71658CE6}
		{E56BF072-CC97-45B8-975F-076B5B30444A} = {8E93442E-7310-4677-BCBE-9CFC71658CE6}
		{54D834B0-9842-4A4D-A2E5-6D55AFD1B1C3} = {8E93442E-7310-4677-BCBE-9CFC71658CE6}
		{CF9E9FBC-536F-4AA5-A4E1-5F3D632683F6} = {50CEFFC0-E37B-4A1D-906C-324AF1E0462B}
		{7E4B0230-7286-4A76-B65E-A45CA429D68C} = {50CEFFC0-E37B-4A1D-906C-324AF1E0462B}
		{0E6098F6-8A6B-4583-92C7-69704FE8454A} = {50CEFFC0-E37B-4A1D-906C-324AF1E0462B}
	EndGlobalSection
	GlobalSection(ExtensibilityGlobals) = postSolution
		SolutionGuid = {2B501DA3-EB48-4380-9BD5-DDDF4B499EBF}
	EndGlobalSection
EndGlobal
